
Microsoft Visual Studio Solution File, Format Version 12.00
# Visual Studio 15
VisualStudioVersion = 15.0.27004.2005
MinimumVisualStudioVersion = 10.0.40219.1
Project("{9A19103F-16F7-4668-BE54-9A1E7A4F7556}") = "proj0", "proj0\proj0.csproj", "{24CE01AF-2025-4CD1-A89D-9DE7F62AF367}"
EndProject
Project("{FAE04EC0-301F-11D3-BF4B-00C04F79EFBC}") = "xUnitTest", "xUnitTest\xUnitTest.csproj", "{EF0DB3A0-EB0F-4843-9B7D-F06902D57853}"
EndProject
Project("{FAE04EC0-301F-11D3-BF4B-00C04F79EFBC}") = "DataAccess", "DataAccess\DataAccess.csproj", "{DCF463D7-A076-4F54-BECB-B80A4D964AF4}"
EndProject
Project("{9A19103F-16F7-4668-BE54-9A1E7A4F7556}") = "CodingChallengeWeek3", "sqlCodingChallenge\CodingChallengeWeek3.csproj", "{4289C249-CFB4-44E8-A8A6-83B8639B3F9B}"
EndProject
Project("{9A19103F-16F7-4668-BE54-9A1E7A4F7556}") = "Models", "Models\Models.csproj", "{8621C7FC-AE2F-43F3-A74F-4BCC47519B50}"
EndProject
Project("{F184B08F-C81C-45F6-A57F-5ABD9991F28F}") = "WebApp", "WebApp\WebApp.vbproj", "{A9A844B5-4654-43CB-BAD1-37E6C0FD27B9}"
EndProject
Project("{F184B08F-C81C-45F6-A57F-5ABD9991F28F}") = "CodingChallengeWeek4", "CodingChallengeWeek4\CodingChallengeWeek4.vbproj", "{BBC9B864-9A74-4AA9-B153-3627C4676A20}"
EndProject
Project("{FAE04EC0-301F-11D3-BF4B-00C04F79EFBC}") = "BusinessLogic", "BusinessLogic\BusinessLogic.csproj", "{4BD5B07D-0BE3-4B0D-9375-80CDA73132BA}"
EndProject
Project("{FAE04EC0-301F-11D3-BF4B-00C04F79EFBC}") = "WebAPI", "WebAPI\WebAPI.csproj", "{9A10DF7C-14DF-4984-9887-0204EFC1E913}"
EndProject
Global
	GlobalSection(SolutionConfigurationPlatforms) = preSolution
		Debug|Any CPU = Debug|Any CPU
		Release|Any CPU = Release|Any CPU
	EndGlobalSection
	GlobalSection(ProjectConfigurationPlatforms) = postSolution
		{24CE01AF-2025-4CD1-A89D-9DE7F62AF367}.Debug|Any CPU.ActiveCfg = Debug|Any CPU
		{24CE01AF-2025-4CD1-A89D-9DE7F62AF367}.Debug|Any CPU.Build.0 = Debug|Any CPU
		{24CE01AF-2025-4CD1-A89D-9DE7F62AF367}.Release|Any CPU.ActiveCfg = Release|Any CPU
		{24CE01AF-2025-4CD1-A89D-9DE7F62AF367}.Release|Any CPU.Build.0 = Release|Any CPU
		{EF0DB3A0-EB0F-4843-9B7D-F06902D57853}.Debug|Any CPU.ActiveCfg = Debug|Any CPU
		{EF0DB3A0-EB0F-4843-9B7D-F06902D57853}.Debug|Any CPU.Build.0 = Debug|Any CPU
		{EF0DB3A0-EB0F-4843-9B7D-F06902D57853}.Release|Any CPU.ActiveCfg = Release|Any CPU
		{EF0DB3A0-EB0F-4843-9B7D-F06902D57853}.Release|Any CPU.Build.0 = Release|Any CPU
		{DCF463D7-A076-4F54-BECB-B80A4D964AF4}.Debug|Any CPU.ActiveCfg = Debug|Any CPU
		{DCF463D7-A076-4F54-BECB-B80A4D964AF4}.Debug|Any CPU.Build.0 = Debug|Any CPU
		{DCF463D7-A076-4F54-BECB-B80A4D964AF4}.Release|Any CPU.ActiveCfg = Release|Any CPU
		{DCF463D7-A076-4F54-BECB-B80A4D964AF4}.Release|Any CPU.Build.0 = Release|Any CPU
		{4289C249-CFB4-44E8-A8A6-83B8639B3F9B}.Debug|Any CPU.ActiveCfg = Debug|Any CPU
		{4289C249-CFB4-44E8-A8A6-83B8639B3F9B}.Debug|Any CPU.Build.0 = Debug|Any CPU
		{4289C249-CFB4-44E8-A8A6-83B8639B3F9B}.Release|Any CPU.ActiveCfg = Release|Any CPU
		{4289C249-CFB4-44E8-A8A6-83B8639B3F9B}.Release|Any CPU.Build.0 = Release|Any CPU
		{8621C7FC-AE2F-43F3-A74F-4BCC47519B50}.Debug|Any CPU.ActiveCfg = Debug|Any CPU
		{8621C7FC-AE2F-43F3-A74F-4BCC47519B50}.Debug|Any CPU.Build.0 = Debug|Any CPU
		{8621C7FC-AE2F-43F3-A74F-4BCC47519B50}.Release|Any CPU.ActiveCfg = Release|Any CPU
		{8621C7FC-AE2F-43F3-A74F-4BCC47519B50}.Release|Any CPU.Build.0 = Release|Any CPU
		{A9A844B5-4654-43CB-BAD1-37E6C0FD27B9}.Debug|Any CPU.ActiveCfg = Debug|Any CPU
		{A9A844B5-4654-43CB-BAD1-37E6C0FD27B9}.Debug|Any CPU.Build.0 = Debug|Any CPU
		{A9A844B5-4654-43CB-BAD1-37E6C0FD27B9}.Release|Any CPU.ActiveCfg = Release|Any CPU
		{A9A844B5-4654-43CB-BAD1-37E6C0FD27B9}.Release|Any CPU.Build.0 = Release|Any CPU
		{BBC9B864-9A74-4AA9-B153-3627C4676A20}.Debug|Any CPU.ActiveCfg = Debug|Any CPU
		{BBC9B864-9A74-4AA9-B153-3627C4676A20}.Debug|Any CPU.Build.0 = Debug|Any CPU
		{BBC9B864-9A74-4AA9-B153-3627C4676A20}.Release|Any CPU.ActiveCfg = Release|Any CPU
		{BBC9B864-9A74-4AA9-B153-3627C4676A20}.Release|Any CPU.Build.0 = Release|Any CPU
		{4BD5B07D-0BE3-4B0D-9375-80CDA73132BA}.Debug|Any CPU.ActiveCfg = Debug|Any CPU
		{4BD5B07D-0BE3-4B0D-9375-80CDA73132BA}.Debug|Any CPU.Build.0 = Debug|Any CPU
		{4BD5B07D-0BE3-4B0D-9375-80CDA73132BA}.Release|Any CPU.ActiveCfg = Release|Any CPU
		{4BD5B07D-0BE3-4B0D-9375-80CDA73132BA}.Release|Any CPU.Build.0 = Release|Any CPU
		{9A10DF7C-14DF-4984-9887-0204EFC1E913}.Debug|Any CPU.ActiveCfg = Debug|Any CPU
		{9A10DF7C-14DF-4984-9887-0204EFC1E913}.Debug|Any CPU.Build.0 = Debug|Any CPU
		{9A10DF7C-14DF-4984-9887-0204EFC1E913}.Release|Any CPU.ActiveCfg = Release|Any CPU
		{9A10DF7C-14DF-4984-9887-0204EFC1E913}.Release|Any CPU.Build.0 = Release|Any CPU
	EndGlobalSection
	GlobalSection(SolutionProperties) = preSolution
		HideSolutionNode = FALSE
	EndGlobalSection
	GlobalSection(ExtensibilityGlobals) = postSolution
		SolutionGuid = {A3BAD308-8B7E-492C-A020-6358824BDE73}
	EndGlobalSection
EndGlobal
